
Microsoft Visual Studio Solution File, Format Version 12.00
# Visual Studio 2013
VisualStudioVersion = 12.0.21005.1
MinimumVisualStudioVersion = 10.0.40219.1
Project("{FAE04EC0-301F-11D3-BF4B-00C04F79EFBC}") = "DB_Tester", "DB_Tester\DB_Tester.csproj", "{51E5EA98-C587-4E8C-AE48-F8E88A86281F}"
EndProject
Project("{FAE04EC0-301F-11D3-BF4B-00C04F79EFBC}") = "DB_Tester.Data", "DB_Tester.Data\DB_Tester.Data.csproj", "{ED3AC2BD-B5F3-4511-96BE-8C164F520450}"
EndProject
Global
	GlobalSection(SolutionConfigurationPlatforms) = preSolution
		Debug|Any CPU = Debug|Any CPU
		Release|Any CPU = Release|Any CPU
	EndGlobalSection
	GlobalSection(ProjectConfigurationPlatforms) = postSolution
		{51E5EA98-C587-4E8C-AE48-F8E88A86281F}.Debug|Any CPU.ActiveCfg = Debug|Any CPU
		{51E5EA98-C587-4E8C-AE48-F8E88A86281F}.Debug|Any CPU.Build.0 = Debug|Any CPU
		{51E5EA98-C587-4E8C-AE48-F8E88A86281F}.Release|Any CPU.ActiveCfg = Release|Any CPU
		{51E5EA98-C587-4E8C-AE48-F8E88A86281F}.Release|Any CPU.Build.0 = Release|Any CPU
		{ED3AC2BD-B5F3-4511-96BE-8C164F520450}.Debug|Any CPU.ActiveCfg = Debug|Any CPU
		{ED3AC2BD-B5F3-4511-96BE-8C164F520450}.Debug|Any CPU.Build.0 = Debug|Any CPU
		{ED3AC2BD-B5F3-4511-96BE-8C164F520450}.Release|Any CPU.ActiveCfg = Release|Any CPU
		{ED3AC2BD-B5F3-4511-96BE-8C164F520450}.Release|Any CPU.Build.0 = Release|Any CPU
	EndGlobalSection
	GlobalSection(SolutionProperties) = preSolution
		HideSolutionNode = FALSE
	EndGlobalSection
EndGlobal
